
Microsoft Visual Studio Solution File, Format Version 12.00
# Visual Studio Version 17
VisualStudioVersion = 17.13.35913.81 d17.13
MinimumVisualStudioVersion = 10.0.40219.1
Project("{FAE04EC0-301F-11D3-BF4B-00C04F79EFBC}") = "X3UR-Prototype", "X3UR-Prototype\X3UR-Prototype.csproj", "{B0FC2F1B-9B97-431C-A0C9-504F5B05201C}"
EndProject
Global
	GlobalSection(SolutionConfigurationPlatforms) = preSolution
		Debug|Any CPU = Debug|Any CPU
		Release|Any CPU = Release|Any CPU
	EndGlobalSection
	GlobalSection(ProjectConfigurationPlatforms) = postSolution
		{B0FC2F1B-9B97-431C-A0C9-504F5B05201C}.Debug|Any CPU.ActiveCfg = Debug|Any CPU
		{B0FC2F1B-9B97-431C-A0C9-504F5B05201C}.Debug|Any CPU.Build.0 = Debug|Any CPU
		{B0FC2F1B-9B97-431C-A0C9-504F5B05201C}.Release|Any CPU.ActiveCfg = Release|Any CPU
		{B0FC2F1B-9B97-431C-A0C9-504F5B05201C}.Release|Any CPU.Build.0 = Release|Any CPU
	EndGlobalSection
	GlobalSection(SolutionProperties) = preSolution
		HideSolutionNode = FALSE
	EndGlobalSection
	GlobalSection(ExtensibilityGlobals) = postSolution
		SolutionGuid = {1CFA24BF-DC8D-47DF-B7D5-6B3BEE0F6EBE}
	EndGlobalSection
EndGlobal
